// !$*UTF8*$!
{
	archiveVersion = 1;
	classes = {
	};
	objectVersion = 46;
	objects = {

/* Begin PBXBuildFile section */
		00A2CBFA908E420A8B66ADAE /* Fontisto.ttf in Resources */ = {isa = PBXBuildFile; fileRef = A19394697092483CAC7A61DA /* Fontisto.ttf */; };
		00E356F31AD99517003FC87E /* homzhubTests.m in Sources */ = {isa = PBXBuildFile; fileRef = 00E356F21AD99517003FC87E /* homzhubTests.m */; };
		06A9B916107F4042A95BFDF5 /* Zocial.ttf in Resources */ = {isa = PBXBuildFile; fileRef = 13CEEC09AB7B475C936E11B2 /* Zocial.ttf */; };
		13B07FBC1A68108700A75B9A /* AppDelegate.m in Sources */ = {isa = PBXBuildFile; fileRef = 13B07FB01A68108700A75B9A /* AppDelegate.m */; };
		13B07FBD1A68108700A75B9A /* LaunchScreen.xib in Resources */ = {isa = PBXBuildFile; fileRef = 13B07FB11A68108700A75B9A /* LaunchScreen.xib */; };
		13B07FBF1A68108700A75B9A /* Images.xcassets in Resources */ = {isa = PBXBuildFile; fileRef = 13B07FB51A68108700A75B9A /* Images.xcassets */; };
		13B07FC11A68108700A75B9A /* main.m in Sources */ = {isa = PBXBuildFile; fileRef = 13B07FB71A68108700A75B9A /* main.m */; };
		2D02E4BC1E0B4A80006451C7 /* AppDelegate.m in Sources */ = {isa = PBXBuildFile; fileRef = 13B07FB01A68108700A75B9A /* AppDelegate.m */; };
		2D02E4BD1E0B4A84006451C7 /* Images.xcassets in Resources */ = {isa = PBXBuildFile; fileRef = 13B07FB51A68108700A75B9A /* Images.xcassets */; };
		2D02E4BF1E0B4AB3006451C7 /* main.m in Sources */ = {isa = PBXBuildFile; fileRef = 13B07FB71A68108700A75B9A /* main.m */; };
		2D877CA602074215A15AAACE /* MaterialCommunityIcons.ttf in Resources */ = {isa = PBXBuildFile; fileRef = 5055398D1B024D6F8D439C6F /* MaterialCommunityIcons.ttf */; };
		2DCD954D1E0B4F2C00145EB5 /* homzhubTests.m in Sources */ = {isa = PBXBuildFile; fileRef = 00E356F21AD99517003FC87E /* homzhubTests.m */; };
		37E1280FB7DC4F76A52D23E6 /* Foundation.ttf in Resources */ = {isa = PBXBuildFile; fileRef = 9255529D3BA545FDA021116B /* Foundation.ttf */; };
		396AC1B099D84EA9AA7471CE /* SimpleLineIcons.ttf in Resources */ = {isa = PBXBuildFile; fileRef = 60BC759A4F1B4957B81AF858 /* SimpleLineIcons.ttf */; };
		3E1E54AFE2D24DCF8FB28CD8 /* FontAwesome5_Solid.ttf in Resources */ = {isa = PBXBuildFile; fileRef = 77E6472BF9F941798BA3A375 /* FontAwesome5_Solid.ttf */; };
		4FDD1B1B200C4F4091BD540F /* Entypo.ttf in Resources */ = {isa = PBXBuildFile; fileRef = 6BB467257AEB4E159894D246 /* Entypo.ttf */; };
		616454489A1747949358A129 /* MaterialIcons.ttf in Resources */ = {isa = PBXBuildFile; fileRef = B1B7405BCB6F401F82FC3A6C /* MaterialIcons.ttf */; };
		70496FD837424F4687B80AE3 /* Octicons.ttf in Resources */ = {isa = PBXBuildFile; fileRef = 38A5CFF8ED7045348B9F6D99 /* Octicons.ttf */; };
		856AA9ABB86B4F7FA79F7D39 /* EvilIcons.ttf in Resources */ = {isa = PBXBuildFile; fileRef = 9BDF7EF39F434F318230FE45 /* EvilIcons.ttf */; };
		919F8347D0364B02B43815C3 /* Ionicons.ttf in Resources */ = {isa = PBXBuildFile; fileRef = A4FB3A5041CA4816926E541A /* Ionicons.ttf */; };
		9B3A4B211E9148EB9F6580DE /* FontAwesome.ttf in Resources */ = {isa = PBXBuildFile; fileRef = DCC995200E654F8DAC79080D /* FontAwesome.ttf */; };
		A63A1F60FF1D014B3F36978E /* libPods-homzhub-tvOSTests.a in Frameworks */ = {isa = PBXBuildFile; fileRef = 4CE6EE90681F73C0DF6D895A /* libPods-homzhub-tvOSTests.a */; };
		A745EDB5246AAF0000ECF13B /* Fontisto.ttf in Resources */ = {isa = PBXBuildFile; fileRef = A745EDA5246AAF0000ECF13B /* Fontisto.ttf */; };
		A745EDB6246AAF0000ECF13B /* Octicons.ttf in Resources */ = {isa = PBXBuildFile; fileRef = A745EDA6246AAF0000ECF13B /* Octicons.ttf */; };
		A745EDB7246AAF0000ECF13B /* Feather.ttf in Resources */ = {isa = PBXBuildFile; fileRef = A745EDA7246AAF0000ECF13B /* Feather.ttf */; };
		A745EDB8246AAF0000ECF13B /* Entypo.ttf in Resources */ = {isa = PBXBuildFile; fileRef = A745EDA8246AAF0000ECF13B /* Entypo.ttf */; };
		A745EDB9246AAF0000ECF13B /* FontAwesome5_Brands.ttf in Resources */ = {isa = PBXBuildFile; fileRef = A745EDA9246AAF0000ECF13B /* FontAwesome5_Brands.ttf */; };
		A745EDBA246AAF0000ECF13B /* MaterialCommunityIcons.ttf in Resources */ = {isa = PBXBuildFile; fileRef = A745EDAA246AAF0000ECF13B /* MaterialCommunityIcons.ttf */; };
		A745EDBB246AAF0000ECF13B /* AntDesign.ttf in Resources */ = {isa = PBXBuildFile; fileRef = A745EDAB246AAF0000ECF13B /* AntDesign.ttf */; };
		A745EDBC246AAF0000ECF13B /* Foundation.ttf in Resources */ = {isa = PBXBuildFile; fileRef = A745EDAC246AAF0000ECF13B /* Foundation.ttf */; };
		A745EDBD246AAF0000ECF13B /* Ionicons.ttf in Resources */ = {isa = PBXBuildFile; fileRef = A745EDAD246AAF0000ECF13B /* Ionicons.ttf */; };
		A745EDBE246AAF0000ECF13B /* FontAwesome5_Solid.ttf in Resources */ = {isa = PBXBuildFile; fileRef = A745EDAE246AAF0000ECF13B /* FontAwesome5_Solid.ttf */; };
		A745EDBF246AAF0000ECF13B /* FontAwesome5_Regular.ttf in Resources */ = {isa = PBXBuildFile; fileRef = A745EDAF246AAF0000ECF13B /* FontAwesome5_Regular.ttf */; };
		A745EDC0246AAF0000ECF13B /* FontAwesome.ttf in Resources */ = {isa = PBXBuildFile; fileRef = A745EDB0246AAF0000ECF13B /* FontAwesome.ttf */; };
		A745EDC1246AAF0000ECF13B /* Zocial.ttf in Resources */ = {isa = PBXBuildFile; fileRef = A745EDB1246AAF0000ECF13B /* Zocial.ttf */; };
		A745EDC2246AAF0000ECF13B /* EvilIcons.ttf in Resources */ = {isa = PBXBuildFile; fileRef = A745EDB2246AAF0000ECF13B /* EvilIcons.ttf */; };
		A745EDC3246AAF0000ECF13B /* SimpleLineIcons.ttf in Resources */ = {isa = PBXBuildFile; fileRef = A745EDB3246AAF0000ECF13B /* SimpleLineIcons.ttf */; };
		A745EDC4246AAF0000ECF13B /* MaterialIcons.ttf in Resources */ = {isa = PBXBuildFile; fileRef = A745EDB4246AAF0000ECF13B /* MaterialIcons.ttf */; };
		A745EDCD246AAFA100ECF13B /* OpenSans-Bold.ttf in Resources */ = {isa = PBXBuildFile; fileRef = A745EDC5246AAF3A00ECF13B /* OpenSans-Bold.ttf */; };
		A745EDCE246AB0AC00ECF13B /* OpenSans-Light.ttf in Resources */ = {isa = PBXBuildFile; fileRef = A745EDC7246AAF5300ECF13B /* OpenSans-Light.ttf */; };
		A745EDCF246AB0AC00ECF13B /* OpenSans-SemiBold.ttf in Resources */ = {isa = PBXBuildFile; fileRef = A745EDC9246AAF5C00ECF13B /* OpenSans-SemiBold.ttf */; };
		A745EDD0246AB0AC00ECF13B /* Raleway-Light.ttf in Resources */ = {isa = PBXBuildFile; fileRef = A745EDCB246AAF6400ECF13B /* Raleway-Light.ttf */; };
		A745EDD1246AB0AC00ECF13B /* Raleway-Bold.ttf in Resources */ = {isa = PBXBuildFile; fileRef = A745EDCA246AAF6100ECF13B /* Raleway-Bold.ttf */; };
		A745EDD2246AB0AC00ECF13B /* OpenSans-ExtraBold.ttf in Resources */ = {isa = PBXBuildFile; fileRef = A745EDC6246AAF4C00ECF13B /* OpenSans-ExtraBold.ttf */; };
		A745EDD3246AB0AC00ECF13B /* Raleway-Medium.ttf in Resources */ = {isa = PBXBuildFile; fileRef = A745EDCC246AAF6800ECF13B /* Raleway-Medium.ttf */; };
		A745EDD4246AB0AC00ECF13B /* OpenSans-Regular.ttf in Resources */ = {isa = PBXBuildFile; fileRef = A745EDC8246AAF5800ECF13B /* OpenSans-Regular.ttf */; };
		A7AEE66D246DBC9C004FE048 /* icomoon.ttf in Resources */ = {isa = PBXBuildFile; fileRef = A7AEE66C246DBC9C004FE048 /* icomoon.ttf */; };
		B0A20E345E3AB2B81097AB22 /* libPods-homzhub-homzhubTests.a in Frameworks */ = {isa = PBXBuildFile; fileRef = 400139C0843A029E1314342A /* libPods-homzhub-homzhubTests.a */; };
		C5726BBF0D2C4E9C842BCC0A /* AntDesign.ttf in Resources */ = {isa = PBXBuildFile; fileRef = A7BED97CAA974EFA8E236585 /* AntDesign.ttf */; };
		CBE4DBD5790D458293F7C526 /* FontAwesome5_Regular.ttf in Resources */ = {isa = PBXBuildFile; fileRef = 62EFB4E1F81B489FBB0E5C37 /* FontAwesome5_Regular.ttf */; };
		D0B11F371B00388BA34ACC25 /* libPods-homzhub.a in Frameworks */ = {isa = PBXBuildFile; fileRef = BDFFF1D304D435589FB6D779 /* libPods-homzhub.a */; };
		DFD8A3CBB65444E9812AF4D2 /* FontAwesome5_Brands.ttf in Resources */ = {isa = PBXBuildFile; fileRef = 1B5A54F755714BD4AB868542 /* FontAwesome5_Brands.ttf */; };
		E6C6770D7078486998E13829 /* Feather.ttf in Resources */ = {isa = PBXBuildFile; fileRef = 05AD2501DEB94FEAA461E17A /* Feather.ttf */; };
		EA5C6D9BD314961403BCDED7 /* libPods-homzhub-tvOS.a in Frameworks */ = {isa = PBXBuildFile; fileRef = 4CE19622E89A68F902597012 /* libPods-homzhub-tvOS.a */; };
		970565415EAE458C8CC2587D /* OpenSans-Bold.ttf in Resources */ = {isa = PBXBuildFile; fileRef = E8492EB7400E45288F69B5DA /* OpenSans-Bold.ttf */; };
		17873CD5771641EB8E885634 /* OpenSans-ExtraBold.ttf in Resources */ = {isa = PBXBuildFile; fileRef = D78931FB86B249F09123229B /* OpenSans-ExtraBold.ttf */; };
		8564E5F6117C4F70AA50FD44 /* OpenSans-Light.ttf in Resources */ = {isa = PBXBuildFile; fileRef = A04799508A8C4BD789AA5913 /* OpenSans-Light.ttf */; };
		A1B57CC04BC44394B448A2AE /* OpenSans-Regular.ttf in Resources */ = {isa = PBXBuildFile; fileRef = 9683A370CCFB4BE9814CAA71 /* OpenSans-Regular.ttf */; };
		C8E39350344548D8B642F458 /* OpenSans-SemiBold.ttf in Resources */ = {isa = PBXBuildFile; fileRef = 35C9381915564BBDA4C55CC6 /* OpenSans-SemiBold.ttf */; };
		485FB185D000453CA281FC32 /* Raleway-Bold.ttf in Resources */ = {isa = PBXBuildFile; fileRef = E34190D8490D46B08059F25B /* Raleway-Bold.ttf */; };
		3CE0B25D5D2242B9A4ACD16F /* Raleway-Light.ttf in Resources */ = {isa = PBXBuildFile; fileRef = 91EB2EB3156A4550A4A5A313 /* Raleway-Light.ttf */; };
		15882547F49946668123D15D /* Raleway-Medium.ttf in Resources */ = {isa = PBXBuildFile; fileRef = BF7AB555DA614F1CAC96AA3E /* Raleway-Medium.ttf */; };
		638AC85A16E74EFCB86677C0 /* icomoon.ttf in Resources */ = {isa = PBXBuildFile; fileRef = 99DAC5D409274F32A174623A /* icomoon.ttf */; };
		BE5A72445A0D406196536C66 /* fonts.ts in Resources */ = {isa = PBXBuildFile; fileRef = 2AA5DB1BADC34556BB91B00D /* fonts.ts */; };
/* End PBXBuildFile section */

/* Begin PBXContainerItemProxy section */
		00E356F41AD99517003FC87E /* PBXContainerItemProxy */ = {
			isa = PBXContainerItemProxy;
			containerPortal = 83CBB9F71A601CBA00E9B192 /* Project object */;
			proxyType = 1;
			remoteGlobalIDString = 13B07F861A680F5B00A75B9A;
			remoteInfo = homzhub;
		};
		2D02E4911E0B4A5D006451C7 /* PBXContainerItemProxy */ = {
			isa = PBXContainerItemProxy;
			containerPortal = 83CBB9F71A601CBA00E9B192 /* Project object */;
			proxyType = 1;
			remoteGlobalIDString = 2D02E47A1E0B4A5D006451C7;
			remoteInfo = "homzhub-tvOS";
		};
/* End PBXContainerItemProxy section */

/* Begin PBXFileReference section */
		008F07F21AC5B25A0029DE68 /* main.jsbundle */ = {isa = PBXFileReference; fileEncoding = 4; lastKnownFileType = text; path = main.jsbundle; sourceTree = "<group>"; };
		00E356EE1AD99517003FC87E /* homzhubTests.xctest */ = {isa = PBXFileReference; explicitFileType = wrapper.cfbundle; includeInIndex = 0; path = homzhubTests.xctest; sourceTree = BUILT_PRODUCTS_DIR; };
		00E356F11AD99517003FC87E /* Info.plist */ = {isa = PBXFileReference; lastKnownFileType = text.plist.xml; path = Info.plist; sourceTree = "<group>"; };
		00E356F21AD99517003FC87E /* homzhubTests.m */ = {isa = PBXFileReference; lastKnownFileType = sourcecode.c.objc; path = homzhubTests.m; sourceTree = "<group>"; };
		05AD2501DEB94FEAA461E17A /* Feather.ttf */ = {isa = PBXFileReference; explicitFileType = undefined; fileEncoding = 9; includeInIndex = 0; lastKnownFileType = unknown; name = Feather.ttf; path = "../../../node_modules/react-native-vector-icons/Fonts/Feather.ttf"; sourceTree = "<group>"; };
		0DEB6C15C5EB9CA7B942A665 /* Pods-homzhub-tvOS.debug.xcconfig */ = {isa = PBXFileReference; includeInIndex = 1; lastKnownFileType = text.xcconfig; name = "Pods-homzhub-tvOS.debug.xcconfig"; path = "Target Support Files/Pods-homzhub-tvOS/Pods-homzhub-tvOS.debug.xcconfig"; sourceTree = "<group>"; };
		13B07F961A680F5B00A75B9A /* homzhub.app */ = {isa = PBXFileReference; explicitFileType = wrapper.application; includeInIndex = 0; path = homzhub.app; sourceTree = BUILT_PRODUCTS_DIR; };
		13B07FAF1A68108700A75B9A /* AppDelegate.h */ = {isa = PBXFileReference; fileEncoding = 4; lastKnownFileType = sourcecode.c.h; name = AppDelegate.h; path = homzhub/AppDelegate.h; sourceTree = "<group>"; };
		13B07FB01A68108700A75B9A /* AppDelegate.m */ = {isa = PBXFileReference; fileEncoding = 4; lastKnownFileType = sourcecode.c.objc; name = AppDelegate.m; path = homzhub/AppDelegate.m; sourceTree = "<group>"; };
		13B07FB21A68108700A75B9A /* Base */ = {isa = PBXFileReference; lastKnownFileType = file.xib; name = Base; path = Base.lproj/LaunchScreen.xib; sourceTree = "<group>"; };
		13B07FB51A68108700A75B9A /* Images.xcassets */ = {isa = PBXFileReference; lastKnownFileType = folder.assetcatalog; name = Images.xcassets; path = homzhub/Images.xcassets; sourceTree = "<group>"; };
		13B07FB61A68108700A75B9A /* Info.plist */ = {isa = PBXFileReference; fileEncoding = 4; lastKnownFileType = text.plist.xml; name = Info.plist; path = homzhub/Info.plist; sourceTree = "<group>"; };
		13B07FB71A68108700A75B9A /* main.m */ = {isa = PBXFileReference; fileEncoding = 4; lastKnownFileType = sourcecode.c.objc; name = main.m; path = homzhub/main.m; sourceTree = "<group>"; };
		13CEEC09AB7B475C936E11B2 /* Zocial.ttf */ = {isa = PBXFileReference; explicitFileType = undefined; fileEncoding = 9; includeInIndex = 0; lastKnownFileType = unknown; name = Zocial.ttf; path = "../../../node_modules/react-native-vector-icons/Fonts/Zocial.ttf"; sourceTree = "<group>"; };
		1B5A54F755714BD4AB868542 /* FontAwesome5_Brands.ttf */ = {isa = PBXFileReference; explicitFileType = undefined; fileEncoding = 9; includeInIndex = 0; lastKnownFileType = unknown; name = FontAwesome5_Brands.ttf; path = "../../../node_modules/react-native-vector-icons/Fonts/FontAwesome5_Brands.ttf"; sourceTree = "<group>"; };
		2D02E47B1E0B4A5D006451C7 /* homzhub-tvOS.app */ = {isa = PBXFileReference; explicitFileType = wrapper.application; includeInIndex = 0; path = "homzhub-tvOS.app"; sourceTree = BUILT_PRODUCTS_DIR; };
		2D02E4901E0B4A5D006451C7 /* homzhub-tvOSTests.xctest */ = {isa = PBXFileReference; explicitFileType = wrapper.cfbundle; includeInIndex = 0; path = "homzhub-tvOSTests.xctest"; sourceTree = BUILT_PRODUCTS_DIR; };
		38A5CFF8ED7045348B9F6D99 /* Octicons.ttf */ = {isa = PBXFileReference; explicitFileType = undefined; fileEncoding = 9; includeInIndex = 0; lastKnownFileType = unknown; name = Octicons.ttf; path = "../../../node_modules/react-native-vector-icons/Fonts/Octicons.ttf"; sourceTree = "<group>"; };
		400139C0843A029E1314342A /* libPods-homzhub-homzhubTests.a */ = {isa = PBXFileReference; explicitFileType = archive.ar; includeInIndex = 0; path = "libPods-homzhub-homzhubTests.a"; sourceTree = BUILT_PRODUCTS_DIR; };
		4CE19622E89A68F902597012 /* libPods-homzhub-tvOS.a */ = {isa = PBXFileReference; explicitFileType = archive.ar; includeInIndex = 0; path = "libPods-homzhub-tvOS.a"; sourceTree = BUILT_PRODUCTS_DIR; };
		4CE6EE90681F73C0DF6D895A /* libPods-homzhub-tvOSTests.a */ = {isa = PBXFileReference; explicitFileType = archive.ar; includeInIndex = 0; path = "libPods-homzhub-tvOSTests.a"; sourceTree = BUILT_PRODUCTS_DIR; };
		5055398D1B024D6F8D439C6F /* MaterialCommunityIcons.ttf */ = {isa = PBXFileReference; explicitFileType = undefined; fileEncoding = 9; includeInIndex = 0; lastKnownFileType = unknown; name = MaterialCommunityIcons.ttf; path = "../../../node_modules/react-native-vector-icons/Fonts/MaterialCommunityIcons.ttf"; sourceTree = "<group>"; };
		60BC759A4F1B4957B81AF858 /* SimpleLineIcons.ttf */ = {isa = PBXFileReference; explicitFileType = undefined; fileEncoding = 9; includeInIndex = 0; lastKnownFileType = unknown; name = SimpleLineIcons.ttf; path = "../../../node_modules/react-native-vector-icons/Fonts/SimpleLineIcons.ttf"; sourceTree = "<group>"; };
		62EFB4E1F81B489FBB0E5C37 /* FontAwesome5_Regular.ttf */ = {isa = PBXFileReference; explicitFileType = undefined; fileEncoding = 9; includeInIndex = 0; lastKnownFileType = unknown; name = FontAwesome5_Regular.ttf; path = "../../../node_modules/react-native-vector-icons/Fonts/FontAwesome5_Regular.ttf"; sourceTree = "<group>"; };
		67835C294F3CCC7DD8F1EC1B /* Pods-homzhub.debug.xcconfig */ = {isa = PBXFileReference; includeInIndex = 1; lastKnownFileType = text.xcconfig; name = "Pods-homzhub.debug.xcconfig"; path = "Target Support Files/Pods-homzhub/Pods-homzhub.debug.xcconfig"; sourceTree = "<group>"; };
		6BB467257AEB4E159894D246 /* Entypo.ttf */ = {isa = PBXFileReference; explicitFileType = undefined; fileEncoding = 9; includeInIndex = 0; lastKnownFileType = unknown; name = Entypo.ttf; path = "../../../node_modules/react-native-vector-icons/Fonts/Entypo.ttf"; sourceTree = "<group>"; };
		6C673C999C665F5F32B2BF6F /* Pods-homzhub-tvOSTests.release.xcconfig */ = {isa = PBXFileReference; includeInIndex = 1; lastKnownFileType = text.xcconfig; name = "Pods-homzhub-tvOSTests.release.xcconfig"; path = "Target Support Files/Pods-homzhub-tvOSTests/Pods-homzhub-tvOSTests.release.xcconfig"; sourceTree = "<group>"; };
		74C02937F79B2E27F75F8562 /* Pods-homzhub-tvOSTests.debug.xcconfig */ = {isa = PBXFileReference; includeInIndex = 1; lastKnownFileType = text.xcconfig; name = "Pods-homzhub-tvOSTests.debug.xcconfig"; path = "Target Support Files/Pods-homzhub-tvOSTests/Pods-homzhub-tvOSTests.debug.xcconfig"; sourceTree = "<group>"; };
		77E6472BF9F941798BA3A375 /* FontAwesome5_Solid.ttf */ = {isa = PBXFileReference; explicitFileType = undefined; fileEncoding = 9; includeInIndex = 0; lastKnownFileType = unknown; name = FontAwesome5_Solid.ttf; path = "../../../node_modules/react-native-vector-icons/Fonts/FontAwesome5_Solid.ttf"; sourceTree = "<group>"; };
		9255529D3BA545FDA021116B /* Foundation.ttf */ = {isa = PBXFileReference; explicitFileType = undefined; fileEncoding = 9; includeInIndex = 0; lastKnownFileType = unknown; name = Foundation.ttf; path = "../../../node_modules/react-native-vector-icons/Fonts/Foundation.ttf"; sourceTree = "<group>"; };
		9BDF7EF39F434F318230FE45 /* EvilIcons.ttf */ = {isa = PBXFileReference; explicitFileType = undefined; fileEncoding = 9; includeInIndex = 0; lastKnownFileType = unknown; name = EvilIcons.ttf; path = "../../../node_modules/react-native-vector-icons/Fonts/EvilIcons.ttf"; sourceTree = "<group>"; };
		A19394697092483CAC7A61DA /* Fontisto.ttf */ = {isa = PBXFileReference; explicitFileType = undefined; fileEncoding = 9; includeInIndex = 0; lastKnownFileType = unknown; name = Fontisto.ttf; path = "../../../node_modules/react-native-vector-icons/Fonts/Fontisto.ttf"; sourceTree = "<group>"; };
		A4FB3A5041CA4816926E541A /* Ionicons.ttf */ = {isa = PBXFileReference; explicitFileType = undefined; fileEncoding = 9; includeInIndex = 0; lastKnownFileType = unknown; name = Ionicons.ttf; path = "../../../node_modules/react-native-vector-icons/Fonts/Ionicons.ttf"; sourceTree = "<group>"; };
		A745EDA5246AAF0000ECF13B /* Fontisto.ttf */ = {isa = PBXFileReference; lastKnownFileType = file; path = Fontisto.ttf; sourceTree = "<group>"; };
		A745EDA6246AAF0000ECF13B /* Octicons.ttf */ = {isa = PBXFileReference; lastKnownFileType = file; path = Octicons.ttf; sourceTree = "<group>"; };
		A745EDA7246AAF0000ECF13B /* Feather.ttf */ = {isa = PBXFileReference; lastKnownFileType = file; path = Feather.ttf; sourceTree = "<group>"; };
		A745EDA8246AAF0000ECF13B /* Entypo.ttf */ = {isa = PBXFileReference; lastKnownFileType = file; path = Entypo.ttf; sourceTree = "<group>"; };
		A745EDA9246AAF0000ECF13B /* FontAwesome5_Brands.ttf */ = {isa = PBXFileReference; lastKnownFileType = file; path = FontAwesome5_Brands.ttf; sourceTree = "<group>"; };
		A745EDAA246AAF0000ECF13B /* MaterialCommunityIcons.ttf */ = {isa = PBXFileReference; lastKnownFileType = file; path = MaterialCommunityIcons.ttf; sourceTree = "<group>"; };
		A745EDAB246AAF0000ECF13B /* AntDesign.ttf */ = {isa = PBXFileReference; lastKnownFileType = file; path = AntDesign.ttf; sourceTree = "<group>"; };
		A745EDAC246AAF0000ECF13B /* Foundation.ttf */ = {isa = PBXFileReference; lastKnownFileType = file; path = Foundation.ttf; sourceTree = "<group>"; };
		A745EDAD246AAF0000ECF13B /* Ionicons.ttf */ = {isa = PBXFileReference; lastKnownFileType = file; path = Ionicons.ttf; sourceTree = "<group>"; };
		A745EDAE246AAF0000ECF13B /* FontAwesome5_Solid.ttf */ = {isa = PBXFileReference; lastKnownFileType = file; path = FontAwesome5_Solid.ttf; sourceTree = "<group>"; };
		A745EDAF246AAF0000ECF13B /* FontAwesome5_Regular.ttf */ = {isa = PBXFileReference; lastKnownFileType = file; path = FontAwesome5_Regular.ttf; sourceTree = "<group>"; };
		A745EDB0246AAF0000ECF13B /* FontAwesome.ttf */ = {isa = PBXFileReference; lastKnownFileType = file; path = FontAwesome.ttf; sourceTree = "<group>"; };
		A745EDB1246AAF0000ECF13B /* Zocial.ttf */ = {isa = PBXFileReference; lastKnownFileType = file; path = Zocial.ttf; sourceTree = "<group>"; };
		A745EDB2246AAF0000ECF13B /* EvilIcons.ttf */ = {isa = PBXFileReference; lastKnownFileType = file; path = EvilIcons.ttf; sourceTree = "<group>"; };
		A745EDB3246AAF0000ECF13B /* SimpleLineIcons.ttf */ = {isa = PBXFileReference; lastKnownFileType = file; path = SimpleLineIcons.ttf; sourceTree = "<group>"; };
		A745EDB4246AAF0000ECF13B /* MaterialIcons.ttf */ = {isa = PBXFileReference; lastKnownFileType = file; path = MaterialIcons.ttf; sourceTree = "<group>"; };
		A745EDC5246AAF3A00ECF13B /* OpenSans-Bold.ttf */ = {isa = PBXFileReference; lastKnownFileType = file; name = "OpenSans-Bold.ttf"; path = "../../../../../Downloads/fonts 2/OpenSans-Bold.ttf"; sourceTree = "<group>"; };
		A745EDC6246AAF4C00ECF13B /* OpenSans-ExtraBold.ttf */ = {isa = PBXFileReference; lastKnownFileType = file; name = "OpenSans-ExtraBold.ttf"; path = "../../../../../Downloads/fonts 2/OpenSans-ExtraBold.ttf"; sourceTree = "<group>"; };
		A745EDC7246AAF5300ECF13B /* OpenSans-Light.ttf */ = {isa = PBXFileReference; lastKnownFileType = file; name = "OpenSans-Light.ttf"; path = "../../../../../Downloads/fonts 2/OpenSans-Light.ttf"; sourceTree = "<group>"; };
		A745EDC8246AAF5800ECF13B /* OpenSans-Regular.ttf */ = {isa = PBXFileReference; lastKnownFileType = file; name = "OpenSans-Regular.ttf"; path = "../../../../../Downloads/fonts 2/OpenSans-Regular.ttf"; sourceTree = "<group>"; };
		A745EDC9246AAF5C00ECF13B /* OpenSans-SemiBold.ttf */ = {isa = PBXFileReference; lastKnownFileType = file; name = "OpenSans-SemiBold.ttf"; path = "../../../../../Downloads/fonts 2/OpenSans-SemiBold.ttf"; sourceTree = "<group>"; };
		A745EDCA246AAF6100ECF13B /* Raleway-Bold.ttf */ = {isa = PBXFileReference; lastKnownFileType = file; name = "Raleway-Bold.ttf"; path = "../../../../../Downloads/fonts 2/Raleway-Bold.ttf"; sourceTree = "<group>"; };
		A745EDCB246AAF6400ECF13B /* Raleway-Light.ttf */ = {isa = PBXFileReference; lastKnownFileType = file; name = "Raleway-Light.ttf"; path = "../../../../../Downloads/fonts 2/Raleway-Light.ttf"; sourceTree = "<group>"; };
		A745EDCC246AAF6800ECF13B /* Raleway-Medium.ttf */ = {isa = PBXFileReference; lastKnownFileType = file; name = "Raleway-Medium.ttf"; path = "../../../../../Downloads/fonts 2/Raleway-Medium.ttf"; sourceTree = "<group>"; };
		A7AEE66C246DBC9C004FE048 /* icomoon.ttf */ = {isa = PBXFileReference; lastKnownFileType = file; name = icomoon.ttf; path = "../../../../../Downloads/icomoon (6)/fonts/icomoon.ttf"; sourceTree = "<group>"; };
		A7BED97CAA974EFA8E236585 /* AntDesign.ttf */ = {isa = PBXFileReference; explicitFileType = undefined; fileEncoding = 9; includeInIndex = 0; lastKnownFileType = unknown; name = AntDesign.ttf; path = "../../../node_modules/react-native-vector-icons/Fonts/AntDesign.ttf"; sourceTree = "<group>"; };
		AEE1E36151987B8A9B595CAB /* Pods-homzhub.release.xcconfig */ = {isa = PBXFileReference; includeInIndex = 1; lastKnownFileType = text.xcconfig; name = "Pods-homzhub.release.xcconfig"; path = "Target Support Files/Pods-homzhub/Pods-homzhub.release.xcconfig"; sourceTree = "<group>"; };
		B1B7405BCB6F401F82FC3A6C /* MaterialIcons.ttf */ = {isa = PBXFileReference; explicitFileType = undefined; fileEncoding = 9; includeInIndex = 0; lastKnownFileType = unknown; name = MaterialIcons.ttf; path = "../../../node_modules/react-native-vector-icons/Fonts/MaterialIcons.ttf"; sourceTree = "<group>"; };
		BDFFF1D304D435589FB6D779 /* libPods-homzhub.a */ = {isa = PBXFileReference; explicitFileType = archive.ar; includeInIndex = 0; path = "libPods-homzhub.a"; sourceTree = BUILT_PRODUCTS_DIR; };
		D0392B48D44B8836B86C3244 /* Pods-homzhub-homzhubTests.debug.xcconfig */ = {isa = PBXFileReference; includeInIndex = 1; lastKnownFileType = text.xcconfig; name = "Pods-homzhub-homzhubTests.debug.xcconfig"; path = "Target Support Files/Pods-homzhub-homzhubTests/Pods-homzhub-homzhubTests.debug.xcconfig"; sourceTree = "<group>"; };
		DCC995200E654F8DAC79080D /* FontAwesome.ttf */ = {isa = PBXFileReference; explicitFileType = undefined; fileEncoding = 9; includeInIndex = 0; lastKnownFileType = unknown; name = FontAwesome.ttf; path = "../../../node_modules/react-native-vector-icons/Fonts/FontAwesome.ttf"; sourceTree = "<group>"; };
		DEF27BAD313DBB533F21830E /* Pods-homzhub-tvOS.release.xcconfig */ = {isa = PBXFileReference; includeInIndex = 1; lastKnownFileType = text.xcconfig; name = "Pods-homzhub-tvOS.release.xcconfig"; path = "Target Support Files/Pods-homzhub-tvOS/Pods-homzhub-tvOS.release.xcconfig"; sourceTree = "<group>"; };
		E65604151D322805A52BF218 /* Pods-homzhub-homzhubTests.release.xcconfig */ = {isa = PBXFileReference; includeInIndex = 1; lastKnownFileType = text.xcconfig; name = "Pods-homzhub-homzhubTests.release.xcconfig"; path = "Target Support Files/Pods-homzhub-homzhubTests/Pods-homzhub-homzhubTests.release.xcconfig"; sourceTree = "<group>"; };
		ED297162215061F000B7C4FE /* JavaScriptCore.framework */ = {isa = PBXFileReference; lastKnownFileType = wrapper.framework; name = JavaScriptCore.framework; path = System/Library/Frameworks/JavaScriptCore.framework; sourceTree = SDKROOT; };
		ED2971642150620600B7C4FE /* JavaScriptCore.framework */ = {isa = PBXFileReference; lastKnownFileType = wrapper.framework; name = JavaScriptCore.framework; path = Platforms/AppleTVOS.platform/Developer/SDKs/AppleTVOS12.0.sdk/System/Library/Frameworks/JavaScriptCore.framework; sourceTree = DEVELOPER_DIR; };
		E8492EB7400E45288F69B5DA /* OpenSans-Bold.ttf */ = {isa = PBXFileReference; name = "OpenSans-Bold.ttf"; path = "../../common/src/assets/fonts/OpenSans-Bold.ttf"; sourceTree = "<group>"; fileEncoding = undefined; lastKnownFileType = unknown; explicitFileType = undefined; includeInIndex = 0; };
		D78931FB86B249F09123229B /* OpenSans-ExtraBold.ttf */ = {isa = PBXFileReference; name = "OpenSans-ExtraBold.ttf"; path = "../../common/src/assets/fonts/OpenSans-ExtraBold.ttf"; sourceTree = "<group>"; fileEncoding = undefined; lastKnownFileType = unknown; explicitFileType = undefined; includeInIndex = 0; };
		A04799508A8C4BD789AA5913 /* OpenSans-Light.ttf */ = {isa = PBXFileReference; name = "OpenSans-Light.ttf"; path = "../../common/src/assets/fonts/OpenSans-Light.ttf"; sourceTree = "<group>"; fileEncoding = undefined; lastKnownFileType = unknown; explicitFileType = undefined; includeInIndex = 0; };
		9683A370CCFB4BE9814CAA71 /* OpenSans-Regular.ttf */ = {isa = PBXFileReference; name = "OpenSans-Regular.ttf"; path = "../../common/src/assets/fonts/OpenSans-Regular.ttf"; sourceTree = "<group>"; fileEncoding = undefined; lastKnownFileType = unknown; explicitFileType = undefined; includeInIndex = 0; };
		35C9381915564BBDA4C55CC6 /* OpenSans-SemiBold.ttf */ = {isa = PBXFileReference; name = "OpenSans-SemiBold.ttf"; path = "../../common/src/assets/fonts/OpenSans-SemiBold.ttf"; sourceTree = "<group>"; fileEncoding = undefined; lastKnownFileType = unknown; explicitFileType = undefined; includeInIndex = 0; };
		E34190D8490D46B08059F25B /* Raleway-Bold.ttf */ = {isa = PBXFileReference; name = "Raleway-Bold.ttf"; path = "../../common/src/assets/fonts/Raleway-Bold.ttf"; sourceTree = "<group>"; fileEncoding = undefined; lastKnownFileType = unknown; explicitFileType = undefined; includeInIndex = 0; };
		91EB2EB3156A4550A4A5A313 /* Raleway-Light.ttf */ = {isa = PBXFileReference; name = "Raleway-Light.ttf"; path = "../../common/src/assets/fonts/Raleway-Light.ttf"; sourceTree = "<group>"; fileEncoding = undefined; lastKnownFileType = unknown; explicitFileType = undefined; includeInIndex = 0; };
		BF7AB555DA614F1CAC96AA3E /* Raleway-Medium.ttf */ = {isa = PBXFileReference; name = "Raleway-Medium.ttf"; path = "../../common/src/assets/fonts/Raleway-Medium.ttf"; sourceTree = "<group>"; fileEncoding = undefined; lastKnownFileType = unknown; explicitFileType = undefined; includeInIndex = 0; };
		99DAC5D409274F32A174623A /* icomoon.ttf */ = {isa = PBXFileReference; name = "icomoon.ttf"; path = "../../common/src/assets/fonts/icomoon.ttf"; sourceTree = "<group>"; fileEncoding = undefined; lastKnownFileType = unknown; explicitFileType = undefined; includeInIndex = 0; };
		2AA5DB1BADC34556BB91B00D /* fonts.ts */ = {isa = PBXFileReference; name = "fonts.ts"; path = "../../common/src/assets/fonts/fonts.ts"; sourceTree = "<group>"; fileEncoding = undefined; lastKnownFileType = unknown; explicitFileType = undefined; includeInIndex = 0; };
/* End PBXFileReference section */

/* Begin PBXFrameworksBuildPhase section */
		00E356EB1AD99517003FC87E /* Frameworks */ = {
			isa = PBXFrameworksBuildPhase;
			buildActionMask = 2147483647;
			files = (
				B0A20E345E3AB2B81097AB22 /* libPods-homzhub-homzhubTests.a in Frameworks */,
			);
			runOnlyForDeploymentPostprocessing = 0;
		};
		13B07F8C1A680F5B00A75B9A /* Frameworks */ = {
			isa = PBXFrameworksBuildPhase;
			buildActionMask = 2147483647;
			files = (
				D0B11F371B00388BA34ACC25 /* libPods-homzhub.a in Frameworks */,
			);
			runOnlyForDeploymentPostprocessing = 0;
		};
		2D02E4781E0B4A5D006451C7 /* Frameworks */ = {
			isa = PBXFrameworksBuildPhase;
			buildActionMask = 2147483647;
			files = (
				EA5C6D9BD314961403BCDED7 /* libPods-homzhub-tvOS.a in Frameworks */,
			);
			runOnlyForDeploymentPostprocessing = 0;
		};
		2D02E48D1E0B4A5D006451C7 /* Frameworks */ = {
			isa = PBXFrameworksBuildPhase;
			buildActionMask = 2147483647;
			files = (
				A63A1F60FF1D014B3F36978E /* libPods-homzhub-tvOSTests.a in Frameworks */,
			);
			runOnlyForDeploymentPostprocessing = 0;
		};
/* End PBXFrameworksBuildPhase section */

/* Begin PBXGroup section */
		00E356EF1AD99517003FC87E /* homzhubTests */ = {
			isa = PBXGroup;
			children = (
				00E356F21AD99517003FC87E /* homzhubTests.m */,
				00E356F01AD99517003FC87E /* Supporting Files */,
			);
			path = homzhubTests;
			sourceTree = "<group>";
		};
		00E356F01AD99517003FC87E /* Supporting Files */ = {
			isa = PBXGroup;
			children = (
				00E356F11AD99517003FC87E /* Info.plist */,
			);
			name = "Supporting Files";
			sourceTree = "<group>";
		};
		056058312F2C4850A9FB5612 /* Resources */ = {
			isa = PBXGroup;
			children = (
				A7BED97CAA974EFA8E236585 /* AntDesign.ttf */,
				6BB467257AEB4E159894D246 /* Entypo.ttf */,
				9BDF7EF39F434F318230FE45 /* EvilIcons.ttf */,
				05AD2501DEB94FEAA461E17A /* Feather.ttf */,
				DCC995200E654F8DAC79080D /* FontAwesome.ttf */,
				1B5A54F755714BD4AB868542 /* FontAwesome5_Brands.ttf */,
				62EFB4E1F81B489FBB0E5C37 /* FontAwesome5_Regular.ttf */,
				77E6472BF9F941798BA3A375 /* FontAwesome5_Solid.ttf */,
				A19394697092483CAC7A61DA /* Fontisto.ttf */,
				9255529D3BA545FDA021116B /* Foundation.ttf */,
				A4FB3A5041CA4816926E541A /* Ionicons.ttf */,
				5055398D1B024D6F8D439C6F /* MaterialCommunityIcons.ttf */,
				B1B7405BCB6F401F82FC3A6C /* MaterialIcons.ttf */,
				38A5CFF8ED7045348B9F6D99 /* Octicons.ttf */,
				60BC759A4F1B4957B81AF858 /* SimpleLineIcons.ttf */,
				13CEEC09AB7B475C936E11B2 /* Zocial.ttf */,
				E8492EB7400E45288F69B5DA /* OpenSans-Bold.ttf */,
				D78931FB86B249F09123229B /* OpenSans-ExtraBold.ttf */,
				A04799508A8C4BD789AA5913 /* OpenSans-Light.ttf */,
				9683A370CCFB4BE9814CAA71 /* OpenSans-Regular.ttf */,
				35C9381915564BBDA4C55CC6 /* OpenSans-SemiBold.ttf */,
				E34190D8490D46B08059F25B /* Raleway-Bold.ttf */,
				91EB2EB3156A4550A4A5A313 /* Raleway-Light.ttf */,
				BF7AB555DA614F1CAC96AA3E /* Raleway-Medium.ttf */,
				99DAC5D409274F32A174623A /* icomoon.ttf */,
				2AA5DB1BADC34556BB91B00D /* fonts.ts */,
			);
			name = Resources;
			sourceTree = "<group>";
		};
		13B07FAE1A68108700A75B9A /* homzhub */ = {
			isa = PBXGroup;
			children = (
				A745EDA4246AAF0000ECF13B /* Fonts */,
				008F07F21AC5B25A0029DE68 /* main.jsbundle */,
				13B07FAF1A68108700A75B9A /* AppDelegate.h */,
				13B07FB01A68108700A75B9A /* AppDelegate.m */,
				13B07FB51A68108700A75B9A /* Images.xcassets */,
				13B07FB61A68108700A75B9A /* Info.plist */,
				13B07FB11A68108700A75B9A /* LaunchScreen.xib */,
				13B07FB71A68108700A75B9A /* main.m */,
			);
			name = homzhub;
			sourceTree = "<group>";
		};
		2D16E6871FA4F8E400B85C8A /* Frameworks */ = {
			isa = PBXGroup;
			children = (
				ED297162215061F000B7C4FE /* JavaScriptCore.framework */,
				ED2971642150620600B7C4FE /* JavaScriptCore.framework */,
				BDFFF1D304D435589FB6D779 /* libPods-homzhub.a */,
				400139C0843A029E1314342A /* libPods-homzhub-homzhubTests.a */,
				4CE19622E89A68F902597012 /* libPods-homzhub-tvOS.a */,
				4CE6EE90681F73C0DF6D895A /* libPods-homzhub-tvOSTests.a */,
			);
			name = Frameworks;
			sourceTree = "<group>";
		};
		492E0CE2C771296BD183A6BE /* Pods */ = {
			isa = PBXGroup;
			children = (
				67835C294F3CCC7DD8F1EC1B /* Pods-homzhub.debug.xcconfig */,
				AEE1E36151987B8A9B595CAB /* Pods-homzhub.release.xcconfig */,
				D0392B48D44B8836B86C3244 /* Pods-homzhub-homzhubTests.debug.xcconfig */,
				E65604151D322805A52BF218 /* Pods-homzhub-homzhubTests.release.xcconfig */,
				0DEB6C15C5EB9CA7B942A665 /* Pods-homzhub-tvOS.debug.xcconfig */,
				DEF27BAD313DBB533F21830E /* Pods-homzhub-tvOS.release.xcconfig */,
				74C02937F79B2E27F75F8562 /* Pods-homzhub-tvOSTests.debug.xcconfig */,
				6C673C999C665F5F32B2BF6F /* Pods-homzhub-tvOSTests.release.xcconfig */,
			);
			path = Pods;
			sourceTree = "<group>";
		};
		832341AE1AAA6A7D00B99B32 /* Libraries */ = {
			isa = PBXGroup;
			children = (
			);
			name = Libraries;
			sourceTree = "<group>";
		};
		83CBB9F61A601CBA00E9B192 = {
			isa = PBXGroup;
			children = (
				13B07FAE1A68108700A75B9A /* homzhub */,
				832341AE1AAA6A7D00B99B32 /* Libraries */,
				00E356EF1AD99517003FC87E /* homzhubTests */,
				83CBBA001A601CBA00E9B192 /* Products */,
				2D16E6871FA4F8E400B85C8A /* Frameworks */,
				492E0CE2C771296BD183A6BE /* Pods */,
				056058312F2C4850A9FB5612 /* Resources */,
			);
			indentWidth = 2;
			sourceTree = "<group>";
			tabWidth = 2;
			usesTabs = 0;
		};
		83CBBA001A601CBA00E9B192 /* Products */ = {
			isa = PBXGroup;
			children = (
				13B07F961A680F5B00A75B9A /* homzhub.app */,
				00E356EE1AD99517003FC87E /* homzhubTests.xctest */,
				2D02E47B1E0B4A5D006451C7 /* homzhub-tvOS.app */,
				2D02E4901E0B4A5D006451C7 /* homzhub-tvOSTests.xctest */,
			);
			name = Products;
			sourceTree = "<group>";
		};
		A745EDA4246AAF0000ECF13B /* Fonts */ = {
			isa = PBXGroup;
			children = (
				A745EDC5246AAF3A00ECF13B /* OpenSans-Bold.ttf */,
				A7AEE66C246DBC9C004FE048 /* icomoon.ttf */,
				A745EDA5246AAF0000ECF13B /* Fontisto.ttf */,
				A745EDA6246AAF0000ECF13B /* Octicons.ttf */,
				A745EDA7246AAF0000ECF13B /* Feather.ttf */,
				A745EDC7246AAF5300ECF13B /* OpenSans-Light.ttf */,
				A745EDC9246AAF5C00ECF13B /* OpenSans-SemiBold.ttf */,
				A745EDCB246AAF6400ECF13B /* Raleway-Light.ttf */,
				A745EDCA246AAF6100ECF13B /* Raleway-Bold.ttf */,
				A745EDC6246AAF4C00ECF13B /* OpenSans-ExtraBold.ttf */,
				A745EDCC246AAF6800ECF13B /* Raleway-Medium.ttf */,
				A745EDC8246AAF5800ECF13B /* OpenSans-Regular.ttf */,
				A745EDA8246AAF0000ECF13B /* Entypo.ttf */,
				A745EDA9246AAF0000ECF13B /* FontAwesome5_Brands.ttf */,
				A745EDAA246AAF0000ECF13B /* MaterialCommunityIcons.ttf */,
				A745EDAB246AAF0000ECF13B /* AntDesign.ttf */,
				A745EDAC246AAF0000ECF13B /* Foundation.ttf */,
				A745EDAD246AAF0000ECF13B /* Ionicons.ttf */,
				A745EDAE246AAF0000ECF13B /* FontAwesome5_Solid.ttf */,
				A745EDAF246AAF0000ECF13B /* FontAwesome5_Regular.ttf */,
				A745EDB0246AAF0000ECF13B /* FontAwesome.ttf */,
				A745EDB1246AAF0000ECF13B /* Zocial.ttf */,
				A745EDB2246AAF0000ECF13B /* EvilIcons.ttf */,
				A745EDB3246AAF0000ECF13B /* SimpleLineIcons.ttf */,
				A745EDB4246AAF0000ECF13B /* MaterialIcons.ttf */,
			);
			name = Fonts;
			path = "../../../node_modules/react-native-vector-icons/Fonts";
			sourceTree = "<group>";
		};
/* End PBXGroup section */

/* Begin PBXNativeTarget section */
		00E356ED1AD99517003FC87E /* homzhubTests */ = {
			isa = PBXNativeTarget;
			buildConfigurationList = 00E357021AD99517003FC87E /* Build configuration list for PBXNativeTarget "homzhubTests" */;
			buildPhases = (
				796257FEFCE1A56A0C95AAA4 /* [CP] Check Pods Manifest.lock */,
				00E356EA1AD99517003FC87E /* Sources */,
				00E356EB1AD99517003FC87E /* Frameworks */,
				00E356EC1AD99517003FC87E /* Resources */,
			);
			buildRules = (
			);
			dependencies = (
				00E356F51AD99517003FC87E /* PBXTargetDependency */,
			);
			name = homzhubTests;
			productName = homzhubTests;
			productReference = 00E356EE1AD99517003FC87E /* homzhubTests.xctest */;
			productType = "com.apple.product-type.bundle.unit-test";
		};
		13B07F861A680F5B00A75B9A /* homzhub */ = {
			isa = PBXNativeTarget;
			buildConfigurationList = 13B07F931A680F5B00A75B9A /* Build configuration list for PBXNativeTarget "homzhub" */;
			buildPhases = (
				2C0A582DDD2FC508BC1D0BD8 /* [CP] Check Pods Manifest.lock */,
				FD10A7F022414F080027D42C /* Start Packager */,
				13B07F871A680F5B00A75B9A /* Sources */,
				13B07F8C1A680F5B00A75B9A /* Frameworks */,
				13B07F8E1A680F5B00A75B9A /* Resources */,
				00DD1BFF1BD5951E006B06BC /* Bundle React Native code and images */,
			);
			buildRules = (
			);
			dependencies = (
			);
			name = homzhub;
			productName = homzhub;
			productReference = 13B07F961A680F5B00A75B9A /* homzhub.app */;
			productType = "com.apple.product-type.application";
		};
		2D02E47A1E0B4A5D006451C7 /* homzhub-tvOS */ = {
			isa = PBXNativeTarget;
			buildConfigurationList = 2D02E4BA1E0B4A5E006451C7 /* Build configuration list for PBXNativeTarget "homzhub-tvOS" */;
			buildPhases = (
				D6DD8CEF7ECBEBB6328DADAD /* [CP] Check Pods Manifest.lock */,
				FD10A7F122414F3F0027D42C /* Start Packager */,
				2D02E4771E0B4A5D006451C7 /* Sources */,
				2D02E4781E0B4A5D006451C7 /* Frameworks */,
				2D02E4791E0B4A5D006451C7 /* Resources */,
				2D02E4CB1E0B4B27006451C7 /* Bundle React Native Code And Images */,
			);
			buildRules = (
			);
			dependencies = (
			);
			name = "homzhub-tvOS";
			productName = "homzhub-tvOS";
			productReference = 2D02E47B1E0B4A5D006451C7 /* homzhub-tvOS.app */;
			productType = "com.apple.product-type.application";
		};
		2D02E48F1E0B4A5D006451C7 /* homzhub-tvOSTests */ = {
			isa = PBXNativeTarget;
			buildConfigurationList = 2D02E4BB1E0B4A5E006451C7 /* Build configuration list for PBXNativeTarget "homzhub-tvOSTests" */;
			buildPhases = (
				FA1B64F753866C1E1CF9B73B /* [CP] Check Pods Manifest.lock */,
				2D02E48C1E0B4A5D006451C7 /* Sources */,
				2D02E48D1E0B4A5D006451C7 /* Frameworks */,
				2D02E48E1E0B4A5D006451C7 /* Resources */,
			);
			buildRules = (
			);
			dependencies = (
				2D02E4921E0B4A5D006451C7 /* PBXTargetDependency */,
			);
			name = "homzhub-tvOSTests";
			productName = "homzhub-tvOSTests";
			productReference = 2D02E4901E0B4A5D006451C7 /* homzhub-tvOSTests.xctest */;
			productType = "com.apple.product-type.bundle.unit-test";
		};
/* End PBXNativeTarget section */

/* Begin PBXProject section */
		83CBB9F71A601CBA00E9B192 /* Project object */ = {
			isa = PBXProject;
			attributes = {
				LastUpgradeCheck = 1130;
				TargetAttributes = {
					00E356ED1AD99517003FC87E = {
						CreatedOnToolsVersion = 6.2;
						TestTargetID = 13B07F861A680F5B00A75B9A;
					};
					13B07F861A680F5B00A75B9A = {
						LastSwiftMigration = 1120;
					};
					2D02E47A1E0B4A5D006451C7 = {
						CreatedOnToolsVersion = 8.2.1;
						ProvisioningStyle = Automatic;
					};
					2D02E48F1E0B4A5D006451C7 = {
						CreatedOnToolsVersion = 8.2.1;
						ProvisioningStyle = Automatic;
						TestTargetID = 2D02E47A1E0B4A5D006451C7;
					};
				};
			};
			buildConfigurationList = 83CBB9FA1A601CBA00E9B192 /* Build configuration list for PBXProject "homzhub" */;
			compatibilityVersion = "Xcode 3.2";
			developmentRegion = en;
			hasScannedForEncodings = 0;
			knownRegions = (
				en,
				Base,
			);
			mainGroup = 83CBB9F61A601CBA00E9B192;
			productRefGroup = 83CBBA001A601CBA00E9B192 /* Products */;
			projectDirPath = "";
			projectRoot = "";
			targets = (
				13B07F861A680F5B00A75B9A /* homzhub */,
				00E356ED1AD99517003FC87E /* homzhubTests */,
				2D02E47A1E0B4A5D006451C7 /* homzhub-tvOS */,
				2D02E48F1E0B4A5D006451C7 /* homzhub-tvOSTests */,
			);
		};
/* End PBXProject section */

/* Begin PBXResourcesBuildPhase section */
		00E356EC1AD99517003FC87E /* Resources */ = {
			isa = PBXResourcesBuildPhase;
			buildActionMask = 2147483647;
			files = (
			);
			runOnlyForDeploymentPostprocessing = 0;
		};
		13B07F8E1A680F5B00A75B9A /* Resources */ = {
			isa = PBXResourcesBuildPhase;
			buildActionMask = 2147483647;
			files = (
				A745EDCE246AB0AC00ECF13B /* OpenSans-Light.ttf in Resources */,
				A745EDCF246AB0AC00ECF13B /* OpenSans-SemiBold.ttf in Resources */,
				A745EDD0246AB0AC00ECF13B /* Raleway-Light.ttf in Resources */,
				A745EDD1246AB0AC00ECF13B /* Raleway-Bold.ttf in Resources */,
				A745EDD2246AB0AC00ECF13B /* OpenSans-ExtraBold.ttf in Resources */,
				A745EDD3246AB0AC00ECF13B /* Raleway-Medium.ttf in Resources */,
				A7AEE66D246DBC9C004FE048 /* icomoon.ttf in Resources */,
				A745EDD4246AB0AC00ECF13B /* OpenSans-Regular.ttf in Resources */,
				A745EDB5246AAF0000ECF13B /* Fontisto.ttf in Resources */,
				A745EDC0246AAF0000ECF13B /* FontAwesome.ttf in Resources */,
				A745EDBC246AAF0000ECF13B /* Foundation.ttf in Resources */,
				A745EDBF246AAF0000ECF13B /* FontAwesome5_Regular.ttf in Resources */,
				A745EDBD246AAF0000ECF13B /* Ionicons.ttf in Resources */,
				A745EDC2246AAF0000ECF13B /* EvilIcons.ttf in Resources */,
				A745EDB8246AAF0000ECF13B /* Entypo.ttf in Resources */,
				13B07FBF1A68108700A75B9A /* Images.xcassets in Resources */,
				A745EDCD246AAFA100ECF13B /* OpenSans-Bold.ttf in Resources */,
				A745EDC1246AAF0000ECF13B /* Zocial.ttf in Resources */,
				A745EDC3246AAF0000ECF13B /* SimpleLineIcons.ttf in Resources */,
				A745EDB7246AAF0000ECF13B /* Feather.ttf in Resources */,
				A745EDB6246AAF0000ECF13B /* Octicons.ttf in Resources */,
				A745EDB9246AAF0000ECF13B /* FontAwesome5_Brands.ttf in Resources */,
				A745EDBB246AAF0000ECF13B /* AntDesign.ttf in Resources */,
				A745EDC4246AAF0000ECF13B /* MaterialIcons.ttf in Resources */,
				A745EDBE246AAF0000ECF13B /* FontAwesome5_Solid.ttf in Resources */,
				A745EDBA246AAF0000ECF13B /* MaterialCommunityIcons.ttf in Resources */,
				13B07FBD1A68108700A75B9A /* LaunchScreen.xib in Resources */,
				C5726BBF0D2C4E9C842BCC0A /* AntDesign.ttf in Resources */,
				4FDD1B1B200C4F4091BD540F /* Entypo.ttf in Resources */,
				856AA9ABB86B4F7FA79F7D39 /* EvilIcons.ttf in Resources */,
				E6C6770D7078486998E13829 /* Feather.ttf in Resources */,
				9B3A4B211E9148EB9F6580DE /* FontAwesome.ttf in Resources */,
				DFD8A3CBB65444E9812AF4D2 /* FontAwesome5_Brands.ttf in Resources */,
				CBE4DBD5790D458293F7C526 /* FontAwesome5_Regular.ttf in Resources */,
				3E1E54AFE2D24DCF8FB28CD8 /* FontAwesome5_Solid.ttf in Resources */,
				00A2CBFA908E420A8B66ADAE /* Fontisto.ttf in Resources */,
				37E1280FB7DC4F76A52D23E6 /* Foundation.ttf in Resources */,
				919F8347D0364B02B43815C3 /* Ionicons.ttf in Resources */,
				2D877CA602074215A15AAACE /* MaterialCommunityIcons.ttf in Resources */,
				616454489A1747949358A129 /* MaterialIcons.ttf in Resources */,
				70496FD837424F4687B80AE3 /* Octicons.ttf in Resources */,
				396AC1B099D84EA9AA7471CE /* SimpleLineIcons.ttf in Resources */,
				06A9B916107F4042A95BFDF5 /* Zocial.ttf in Resources */,
				970565415EAE458C8CC2587D /* OpenSans-Bold.ttf in Resources */,
				17873CD5771641EB8E885634 /* OpenSans-ExtraBold.ttf in Resources */,
				8564E5F6117C4F70AA50FD44 /* OpenSans-Light.ttf in Resources */,
				A1B57CC04BC44394B448A2AE /* OpenSans-Regular.ttf in Resources */,
				C8E39350344548D8B642F458 /* OpenSans-SemiBold.ttf in Resources */,
				485FB185D000453CA281FC32 /* Raleway-Bold.ttf in Resources */,
				3CE0B25D5D2242B9A4ACD16F /* Raleway-Light.ttf in Resources */,
				15882547F49946668123D15D /* Raleway-Medium.ttf in Resources */,
				638AC85A16E74EFCB86677C0 /* icomoon.ttf in Resources */,
				BE5A72445A0D406196536C66 /* fonts.ts in Resources */,
			);
			runOnlyForDeploymentPostprocessing = 0;
		};
		2D02E4791E0B4A5D006451C7 /* Resources */ = {
			isa = PBXResourcesBuildPhase;
			buildActionMask = 2147483647;
			files = (
				2D02E4BD1E0B4A84006451C7 /* Images.xcassets in Resources */,
			);
			runOnlyForDeploymentPostprocessing = 0;
		};
		2D02E48E1E0B4A5D006451C7 /* Resources */ = {
			isa = PBXResourcesBuildPhase;
			buildActionMask = 2147483647;
			files = (
			);
			runOnlyForDeploymentPostprocessing = 0;
		};
/* End PBXResourcesBuildPhase section */

/* Begin PBXShellScriptBuildPhase section */
		00DD1BFF1BD5951E006B06BC /* Bundle React Native code and images */ = {
			isa = PBXShellScriptBuildPhase;
			buildActionMask = 2147483647;
			files = (
			);
			inputPaths = (
			);
			name = "Bundle React Native code and images";
			outputPaths = (
			);
			runOnlyForDeploymentPostprocessing = 0;
			shellPath = /bin/sh;
			shellScript = "export NODE_BINARY=node\nexport EXTRA_PACKAGER_ARGS=\"--entry-file packages/mobile/index.js\"\n../../../node_modules/react-native/scripts/react-native-xcode.sh\n";
		};
		2C0A582DDD2FC508BC1D0BD8 /* [CP] Check Pods Manifest.lock */ = {
			isa = PBXShellScriptBuildPhase;
			buildActionMask = 2147483647;
			files = (
			);
			inputFileListPaths = (
			);
			inputPaths = (
				"${PODS_PODFILE_DIR_PATH}/Podfile.lock",
				"${PODS_ROOT}/Manifest.lock",
			);
			name = "[CP] Check Pods Manifest.lock";
			outputFileListPaths = (
			);
			outputPaths = (
				"$(DERIVED_FILE_DIR)/Pods-homzhub-checkManifestLockResult.txt",
			);
			runOnlyForDeploymentPostprocessing = 0;
			shellPath = /bin/sh;
			shellScript = "diff \"${PODS_PODFILE_DIR_PATH}/Podfile.lock\" \"${PODS_ROOT}/Manifest.lock\" > /dev/null\nif [ $? != 0 ] ; then\n    # print error to STDERR\n    echo \"error: The sandbox is not in sync with the Podfile.lock. Run 'pod install' or update your CocoaPods installation.\" >&2\n    exit 1\nfi\n# This output is used by Xcode 'outputs' to avoid re-running this script phase.\necho \"SUCCESS\" > \"${SCRIPT_OUTPUT_FILE_0}\"\n";
			showEnvVarsInLog = 0;
		};
		2D02E4CB1E0B4B27006451C7 /* Bundle React Native Code And Images */ = {
			isa = PBXShellScriptBuildPhase;
			buildActionMask = 2147483647;
			files = (
			);
			inputPaths = (
			);
			name = "Bundle React Native Code And Images";
			outputPaths = (
			);
			runOnlyForDeploymentPostprocessing = 0;
			shellPath = /bin/sh;
			shellScript = "export NODE_BINARY=node\n../node_modules/react-native/scripts/react-native-xcode.sh";
		};
		796257FEFCE1A56A0C95AAA4 /* [CP] Check Pods Manifest.lock */ = {
			isa = PBXShellScriptBuildPhase;
			buildActionMask = 2147483647;
			files = (
			);
			inputFileListPaths = (
			);
			inputPaths = (
				"${PODS_PODFILE_DIR_PATH}/Podfile.lock",
				"${PODS_ROOT}/Manifest.lock",
			);
			name = "[CP] Check Pods Manifest.lock";
			outputFileListPaths = (
			);
			outputPaths = (
				"$(DERIVED_FILE_DIR)/Pods-homzhub-homzhubTests-checkManifestLockResult.txt",
			);
			runOnlyForDeploymentPostprocessing = 0;
			shellPath = /bin/sh;
			shellScript = "diff \"${PODS_PODFILE_DIR_PATH}/Podfile.lock\" \"${PODS_ROOT}/Manifest.lock\" > /dev/null\nif [ $? != 0 ] ; then\n    # print error to STDERR\n    echo \"error: The sandbox is not in sync with the Podfile.lock. Run 'pod install' or update your CocoaPods installation.\" >&2\n    exit 1\nfi\n# This output is used by Xcode 'outputs' to avoid re-running this script phase.\necho \"SUCCESS\" > \"${SCRIPT_OUTPUT_FILE_0}\"\n";
			showEnvVarsInLog = 0;
		};
		D6DD8CEF7ECBEBB6328DADAD /* [CP] Check Pods Manifest.lock */ = {
			isa = PBXShellScriptBuildPhase;
			buildActionMask = 2147483647;
			files = (
			);
			inputFileListPaths = (
			);
			inputPaths = (
				"${PODS_PODFILE_DIR_PATH}/Podfile.lock",
				"${PODS_ROOT}/Manifest.lock",
			);
			name = "[CP] Check Pods Manifest.lock";
			outputFileListPaths = (
			);
			outputPaths = (
				"$(DERIVED_FILE_DIR)/Pods-homzhub-tvOS-checkManifestLockResult.txt",
			);
			runOnlyForDeploymentPostprocessing = 0;
			shellPath = /bin/sh;
			shellScript = "diff \"${PODS_PODFILE_DIR_PATH}/Podfile.lock\" \"${PODS_ROOT}/Manifest.lock\" > /dev/null\nif [ $? != 0 ] ; then\n    # print error to STDERR\n    echo \"error: The sandbox is not in sync with the Podfile.lock. Run 'pod install' or update your CocoaPods installation.\" >&2\n    exit 1\nfi\n# This output is used by Xcode 'outputs' to avoid re-running this script phase.\necho \"SUCCESS\" > \"${SCRIPT_OUTPUT_FILE_0}\"\n";
			showEnvVarsInLog = 0;
		};
		FA1B64F753866C1E1CF9B73B /* [CP] Check Pods Manifest.lock */ = {
			isa = PBXShellScriptBuildPhase;
			buildActionMask = 2147483647;
			files = (
			);
			inputFileListPaths = (
			);
			inputPaths = (
				"${PODS_PODFILE_DIR_PATH}/Podfile.lock",
				"${PODS_ROOT}/Manifest.lock",
			);
			name = "[CP] Check Pods Manifest.lock";
			outputFileListPaths = (
			);
			outputPaths = (
				"$(DERIVED_FILE_DIR)/Pods-homzhub-tvOSTests-checkManifestLockResult.txt",
			);
			runOnlyForDeploymentPostprocessing = 0;
			shellPath = /bin/sh;
			shellScript = "diff \"${PODS_PODFILE_DIR_PATH}/Podfile.lock\" \"${PODS_ROOT}/Manifest.lock\" > /dev/null\nif [ $? != 0 ] ; then\n    # print error to STDERR\n    echo \"error: The sandbox is not in sync with the Podfile.lock. Run 'pod install' or update your CocoaPods installation.\" >&2\n    exit 1\nfi\n# This output is used by Xcode 'outputs' to avoid re-running this script phase.\necho \"SUCCESS\" > \"${SCRIPT_OUTPUT_FILE_0}\"\n";
			showEnvVarsInLog = 0;
		};
		FD10A7F022414F080027D42C /* Start Packager */ = {
			isa = PBXShellScriptBuildPhase;
			buildActionMask = 2147483647;
			files = (
			);
			inputFileListPaths = (
			);
			inputPaths = (
			);
			name = "Start Packager";
			outputFileListPaths = (
			);
			outputPaths = (
			);
			runOnlyForDeploymentPostprocessing = 0;
			shellPath = /bin/sh;
			shellScript = "export RCT_METRO_PORT=\"${RCT_METRO_PORT:=8081}\"\necho \"export RCT_METRO_PORT=${RCT_METRO_PORT}\" > \"${SRCROOT}/../node_modules/react-native/scripts/.packager.env\"\nif [ -z \"${RCT_NO_LAUNCH_PACKAGER+xxx}\" ] ; then\n  if nc -w 5 -z localhost ${RCT_METRO_PORT} ; then\n    if ! curl -s \"http://localhost:${RCT_METRO_PORT}/status\" | grep -q \"packager-status:running\" ; then\n      echo \"Port ${RCT_METRO_PORT} already in use, packager is either not running or not running correctly\"\n      exit 2\n    fi\n  else\n    open \"$SRCROOT/../node_modules/react-native/scripts/launchPackager.command\" || echo \"Can't start packager automatically\"\n  fi\nfi\n";
			showEnvVarsInLog = 0;
		};
		FD10A7F122414F3F0027D42C /* Start Packager */ = {
			isa = PBXShellScriptBuildPhase;
			buildActionMask = 2147483647;
			files = (
			);
			inputFileListPaths = (
			);
			inputPaths = (
			);
			name = "Start Packager";
			outputFileListPaths = (
			);
			outputPaths = (
			);
			runOnlyForDeploymentPostprocessing = 0;
			shellPath = /bin/sh;
			shellScript = "export RCT_METRO_PORT=\"${RCT_METRO_PORT:=8081}\"\necho \"export RCT_METRO_PORT=${RCT_METRO_PORT}\" > \"${SRCROOT}/../node_modules/react-native/scripts/.packager.env\"\nif [ -z \"${RCT_NO_LAUNCH_PACKAGER+xxx}\" ] ; then\n  if nc -w 5 -z localhost ${RCT_METRO_PORT} ; then\n    if ! curl -s \"http://localhost:${RCT_METRO_PORT}/status\" | grep -q \"packager-status:running\" ; then\n      echo \"Port ${RCT_METRO_PORT} already in use, packager is either not running or not running correctly\"\n      exit 2\n    fi\n  else\n    open \"$SRCROOT/../node_modules/react-native/scripts/launchPackager.command\" || echo \"Can't start packager automatically\"\n  fi\nfi\n";
			showEnvVarsInLog = 0;
		};
/* End PBXShellScriptBuildPhase section */

/* Begin PBXSourcesBuildPhase section */
		00E356EA1AD99517003FC87E /* Sources */ = {
			isa = PBXSourcesBuildPhase;
			buildActionMask = 2147483647;
			files = (
				00E356F31AD99517003FC87E /* homzhubTests.m in Sources */,
			);
			runOnlyForDeploymentPostprocessing = 0;
		};
		13B07F871A680F5B00A75B9A /* Sources */ = {
			isa = PBXSourcesBuildPhase;
			buildActionMask = 2147483647;
			files = (
				13B07FBC1A68108700A75B9A /* AppDelegate.m in Sources */,
				13B07FC11A68108700A75B9A /* main.m in Sources */,
			);
			runOnlyForDeploymentPostprocessing = 0;
		};
		2D02E4771E0B4A5D006451C7 /* Sources */ = {
			isa = PBXSourcesBuildPhase;
			buildActionMask = 2147483647;
			files = (
				2D02E4BF1E0B4AB3006451C7 /* main.m in Sources */,
				2D02E4BC1E0B4A80006451C7 /* AppDelegate.m in Sources */,
			);
			runOnlyForDeploymentPostprocessing = 0;
		};
		2D02E48C1E0B4A5D006451C7 /* Sources */ = {
			isa = PBXSourcesBuildPhase;
			buildActionMask = 2147483647;
			files = (
				2DCD954D1E0B4F2C00145EB5 /* homzhubTests.m in Sources */,
			);
			runOnlyForDeploymentPostprocessing = 0;
		};
/* End PBXSourcesBuildPhase section */

/* Begin PBXTargetDependency section */
		00E356F51AD99517003FC87E /* PBXTargetDependency */ = {
			isa = PBXTargetDependency;
			target = 13B07F861A680F5B00A75B9A /* homzhub */;
			targetProxy = 00E356F41AD99517003FC87E /* PBXContainerItemProxy */;
		};
		2D02E4921E0B4A5D006451C7 /* PBXTargetDependency */ = {
			isa = PBXTargetDependency;
			target = 2D02E47A1E0B4A5D006451C7 /* homzhub-tvOS */;
			targetProxy = 2D02E4911E0B4A5D006451C7 /* PBXContainerItemProxy */;
		};
/* End PBXTargetDependency section */

/* Begin PBXVariantGroup section */
		13B07FB11A68108700A75B9A /* LaunchScreen.xib */ = {
			isa = PBXVariantGroup;
			children = (
				13B07FB21A68108700A75B9A /* Base */,
			);
			name = LaunchScreen.xib;
			path = homzhub;
			sourceTree = "<group>";
		};
/* End PBXVariantGroup section */

/* Begin XCBuildConfiguration section */
		00E356F61AD99517003FC87E /* Debug */ = {
			isa = XCBuildConfiguration;
			baseConfigurationReference = D0392B48D44B8836B86C3244 /* Pods-homzhub-homzhubTests.debug.xcconfig */;
			buildSettings = {
				BUNDLE_LOADER = "$(TEST_HOST)";
				GCC_PREPROCESSOR_DEFINITIONS = (
					"DEBUG=1",
					"$(inherited)",
				);
				INFOPLIST_FILE = homzhubTests/Info.plist;
				IPHONEOS_DEPLOYMENT_TARGET = 9.0;
				LD_RUNPATH_SEARCH_PATHS = "$(inherited) @executable_path/Frameworks @loader_path/Frameworks";
				OTHER_LDFLAGS = (
					"-ObjC",
					"-lc++",
					"$(inherited)",
				);
				PRODUCT_BUNDLE_IDENTIFIER = "org.reactjs.native.example.$(PRODUCT_NAME:rfc1034identifier)";
				PRODUCT_NAME = "$(TARGET_NAME)";
				TEST_HOST = "$(BUILT_PRODUCTS_DIR)/homzhub.app/homzhub";
			};
			name = Debug;
		};
		00E356F71AD99517003FC87E /* Release */ = {
			isa = XCBuildConfiguration;
			baseConfigurationReference = E65604151D322805A52BF218 /* Pods-homzhub-homzhubTests.release.xcconfig */;
			buildSettings = {
				BUNDLE_LOADER = "$(TEST_HOST)";
				COPY_PHASE_STRIP = NO;
				INFOPLIST_FILE = homzhubTests/Info.plist;
				IPHONEOS_DEPLOYMENT_TARGET = 9.0;
				LD_RUNPATH_SEARCH_PATHS = "$(inherited) @executable_path/Frameworks @loader_path/Frameworks";
				OTHER_LDFLAGS = (
					"-ObjC",
					"-lc++",
					"$(inherited)",
				);
				PRODUCT_BUNDLE_IDENTIFIER = "org.reactjs.native.example.$(PRODUCT_NAME:rfc1034identifier)";
				PRODUCT_NAME = "$(TARGET_NAME)";
				TEST_HOST = "$(BUILT_PRODUCTS_DIR)/homzhub.app/homzhub";
			};
			name = Release;
		};
		13B07F941A680F5B00A75B9A /* Debug */ = {
			isa = XCBuildConfiguration;
			baseConfigurationReference = 67835C294F3CCC7DD8F1EC1B /* Pods-homzhub.debug.xcconfig */;
			buildSettings = {
				ASSETCATALOG_COMPILER_APPICON_NAME = AppIcon;
				CLANG_ENABLE_MODULES = YES;
				CURRENT_PROJECT_VERSION = 1;
				ENABLE_BITCODE = NO;
				GCC_PREPROCESSOR_DEFINITIONS = (
					"$(inherited)",
					"FB_SONARKIT_ENABLED=1",
				);
				INFOPLIST_FILE = homzhub/Info.plist;
				LD_RUNPATH_SEARCH_PATHS = "$(inherited) @executable_path/Frameworks";
				OTHER_LDFLAGS = (
					"$(inherited)",
					"-ObjC",
					"-lc++",
				);
				PRODUCT_BUNDLE_IDENTIFIER = "org.reactjs.native.example.$(PRODUCT_NAME:rfc1034identifier)";
				PRODUCT_NAME = homzhub;
				SWIFT_OPTIMIZATION_LEVEL = "-Onone";
				SWIFT_VERSION = 5.0;
				VERSIONING_SYSTEM = "apple-generic";
			};
			name = Debug;
		};
		13B07F951A680F5B00A75B9A /* Release */ = {
			isa = XCBuildConfiguration;
			baseConfigurationReference = AEE1E36151987B8A9B595CAB /* Pods-homzhub.release.xcconfig */;
			buildSettings = {
				ASSETCATALOG_COMPILER_APPICON_NAME = AppIcon;
				CLANG_ENABLE_MODULES = YES;
				CURRENT_PROJECT_VERSION = 1;
				INFOPLIST_FILE = homzhub/Info.plist;
				LD_RUNPATH_SEARCH_PATHS = "$(inherited) @executable_path/Frameworks";
				OTHER_LDFLAGS = (
					"$(inherited)",
					"-ObjC",
					"-lc++",
				);
				PRODUCT_BUNDLE_IDENTIFIER = "org.reactjs.native.example.$(PRODUCT_NAME:rfc1034identifier)";
				PRODUCT_NAME = homzhub;
				SWIFT_VERSION = 5.0;
				VERSIONING_SYSTEM = "apple-generic";
			};
			name = Release;
		};
		2D02E4971E0B4A5E006451C7 /* Debug */ = {
			isa = XCBuildConfiguration;
			baseConfigurationReference = 0DEB6C15C5EB9CA7B942A665 /* Pods-homzhub-tvOS.debug.xcconfig */;
			buildSettings = {
				ASSETCATALOG_COMPILER_APPICON_NAME = "App Icon & Top Shelf Image";
				ASSETCATALOG_COMPILER_LAUNCHIMAGE_NAME = LaunchImage;
				CLANG_ANALYZER_NONNULL = YES;
				CLANG_WARN_DOCUMENTATION_COMMENTS = YES;
				CLANG_WARN_INFINITE_RECURSION = YES;
				CLANG_WARN_SUSPICIOUS_MOVE = YES;
				DEBUG_INFORMATION_FORMAT = dwarf;
				ENABLE_TESTABILITY = YES;
				GCC_NO_COMMON_BLOCKS = YES;
				INFOPLIST_FILE = "homzhub-tvOS/Info.plist";
				LD_RUNPATH_SEARCH_PATHS = "$(inherited) @executable_path/Frameworks";
				OTHER_LDFLAGS = (
					"$(inherited)",
					"-ObjC",
					"-lc++",
				);
				PRODUCT_BUNDLE_IDENTIFIER = "org.reactjs.native.example.homzhub-tvOS";
				PRODUCT_NAME = "$(TARGET_NAME)";
				SDKROOT = appletvos;
				TARGETED_DEVICE_FAMILY = 3;
				TVOS_DEPLOYMENT_TARGET = 9.2;
			};
			name = Debug;
		};
		2D02E4981E0B4A5E006451C7 /* Release */ = {
			isa = XCBuildConfiguration;
			baseConfigurationReference = DEF27BAD313DBB533F21830E /* Pods-homzhub-tvOS.release.xcconfig */;
			buildSettings = {
				ASSETCATALOG_COMPILER_APPICON_NAME = "App Icon & Top Shelf Image";
				ASSETCATALOG_COMPILER_LAUNCHIMAGE_NAME = LaunchImage;
				CLANG_ANALYZER_NONNULL = YES;
				CLANG_WARN_DOCUMENTATION_COMMENTS = YES;
				CLANG_WARN_INFINITE_RECURSION = YES;
				CLANG_WARN_SUSPICIOUS_MOVE = YES;
				COPY_PHASE_STRIP = NO;
				DEBUG_INFORMATION_FORMAT = "dwarf-with-dsym";
				GCC_NO_COMMON_BLOCKS = YES;
				INFOPLIST_FILE = "homzhub-tvOS/Info.plist";
				LD_RUNPATH_SEARCH_PATHS = "$(inherited) @executable_path/Frameworks";
				OTHER_LDFLAGS = (
					"$(inherited)",
					"-ObjC",
					"-lc++",
				);
				PRODUCT_BUNDLE_IDENTIFIER = "org.reactjs.native.example.homzhub-tvOS";
				PRODUCT_NAME = "$(TARGET_NAME)";
				SDKROOT = appletvos;
				TARGETED_DEVICE_FAMILY = 3;
				TVOS_DEPLOYMENT_TARGET = 9.2;
			};
			name = Release;
		};
		2D02E4991E0B4A5E006451C7 /* Debug */ = {
			isa = XCBuildConfiguration;
			baseConfigurationReference = 74C02937F79B2E27F75F8562 /* Pods-homzhub-tvOSTests.debug.xcconfig */;
			buildSettings = {
				BUNDLE_LOADER = "$(TEST_HOST)";
				CLANG_ANALYZER_NONNULL = YES;
				CLANG_WARN_DOCUMENTATION_COMMENTS = YES;
				CLANG_WARN_INFINITE_RECURSION = YES;
				CLANG_WARN_SUSPICIOUS_MOVE = YES;
				DEBUG_INFORMATION_FORMAT = dwarf;
				ENABLE_TESTABILITY = YES;
				GCC_NO_COMMON_BLOCKS = YES;
				INFOPLIST_FILE = "homzhub-tvOSTests/Info.plist";
				LD_RUNPATH_SEARCH_PATHS = "$(inherited) @executable_path/Frameworks @loader_path/Frameworks";
				OTHER_LDFLAGS = (
					"$(inherited)",
					"-ObjC",
					"-lc++",
				);
				PRODUCT_BUNDLE_IDENTIFIER = "org.reactjs.native.example.homzhub-tvOSTests";
				PRODUCT_NAME = "$(TARGET_NAME)";
				SDKROOT = appletvos;
				TEST_HOST = "$(BUILT_PRODUCTS_DIR)/homzhub-tvOS.app/homzhub-tvOS";
				TVOS_DEPLOYMENT_TARGET = 10.1;
			};
			name = Debug;
		};
		2D02E49A1E0B4A5E006451C7 /* Release */ = {
			isa = XCBuildConfiguration;
			baseConfigurationReference = 6C673C999C665F5F32B2BF6F /* Pods-homzhub-tvOSTests.release.xcconfig */;
			buildSettings = {
				BUNDLE_LOADER = "$(TEST_HOST)";
				CLANG_ANALYZER_NONNULL = YES;
				CLANG_WARN_DOCUMENTATION_COMMENTS = YES;
				CLANG_WARN_INFINITE_RECURSION = YES;
				CLANG_WARN_SUSPICIOUS_MOVE = YES;
				COPY_PHASE_STRIP = NO;
				DEBUG_INFORMATION_FORMAT = "dwarf-with-dsym";
				GCC_NO_COMMON_BLOCKS = YES;
				INFOPLIST_FILE = "homzhub-tvOSTests/Info.plist";
				LD_RUNPATH_SEARCH_PATHS = "$(inherited) @executable_path/Frameworks @loader_path/Frameworks";
				OTHER_LDFLAGS = (
					"$(inherited)",
					"-ObjC",
					"-lc++",
				);
				PRODUCT_BUNDLE_IDENTIFIER = "org.reactjs.native.example.homzhub-tvOSTests";
				PRODUCT_NAME = "$(TARGET_NAME)";
				SDKROOT = appletvos;
				TEST_HOST = "$(BUILT_PRODUCTS_DIR)/homzhub-tvOS.app/homzhub-tvOS";
				TVOS_DEPLOYMENT_TARGET = 10.1;
			};
			name = Release;
		};
		83CBBA201A601CBA00E9B192 /* Debug */ = {
			isa = XCBuildConfiguration;
			buildSettings = {
				ALWAYS_SEARCH_USER_PATHS = NO;
				CLANG_ANALYZER_LOCALIZABILITY_NONLOCALIZED = YES;
				CLANG_CXX_LANGUAGE_STANDARD = "gnu++0x";
				CLANG_CXX_LIBRARY = "libc++";
				CLANG_ENABLE_MODULES = YES;
				CLANG_ENABLE_OBJC_ARC = YES;
				CLANG_WARN_BLOCK_CAPTURE_AUTORELEASING = YES;
				CLANG_WARN_BOOL_CONVERSION = YES;
				CLANG_WARN_COMMA = YES;
				CLANG_WARN_CONSTANT_CONVERSION = YES;
				CLANG_WARN_DEPRECATED_OBJC_IMPLEMENTATIONS = YES;
				CLANG_WARN_DIRECT_OBJC_ISA_USAGE = YES_ERROR;
				CLANG_WARN_EMPTY_BODY = YES;
				CLANG_WARN_ENUM_CONVERSION = YES;
				CLANG_WARN_INFINITE_RECURSION = YES;
				CLANG_WARN_INT_CONVERSION = YES;
				CLANG_WARN_NON_LITERAL_NULL_CONVERSION = YES;
				CLANG_WARN_OBJC_IMPLICIT_RETAIN_SELF = YES;
				CLANG_WARN_OBJC_LITERAL_CONVERSION = YES;
				CLANG_WARN_OBJC_ROOT_CLASS = YES_ERROR;
				CLANG_WARN_RANGE_LOOP_ANALYSIS = YES;
				CLANG_WARN_STRICT_PROTOTYPES = YES;
				CLANG_WARN_SUSPICIOUS_MOVE = YES;
				CLANG_WARN_UNREACHABLE_CODE = YES;
				CLANG_WARN__DUPLICATE_METHOD_MATCH = YES;
				"CODE_SIGN_IDENTITY[sdk=iphoneos*]" = "iPhone Developer";
				COPY_PHASE_STRIP = NO;
				ENABLE_STRICT_OBJC_MSGSEND = YES;
				ENABLE_TESTABILITY = YES;
				GCC_C_LANGUAGE_STANDARD = gnu99;
				GCC_DYNAMIC_NO_PIC = NO;
				GCC_NO_COMMON_BLOCKS = YES;
				GCC_OPTIMIZATION_LEVEL = 0;
				GCC_PREPROCESSOR_DEFINITIONS = (
					"DEBUG=1",
					"$(inherited)",
				);
				GCC_SYMBOLS_PRIVATE_EXTERN = NO;
				GCC_WARN_64_TO_32_BIT_CONVERSION = YES;
				GCC_WARN_ABOUT_RETURN_TYPE = YES_ERROR;
				GCC_WARN_UNDECLARED_SELECTOR = YES;
				GCC_WARN_UNINITIALIZED_AUTOS = YES_AGGRESSIVE;
				GCC_WARN_UNUSED_FUNCTION = YES;
				GCC_WARN_UNUSED_VARIABLE = YES;
				IPHONEOS_DEPLOYMENT_TARGET = 9.0;
				LD_RUNPATH_SEARCH_PATHS = "/usr/lib/swift $(inherited)";
				LIBRARY_SEARCH_PATHS = (
					"\"$(TOOLCHAIN_DIR)/usr/lib/swift/$(PLATFORM_NAME)\"",
					"\"$(TOOLCHAIN_DIR)/usr/lib/swift-5.0/$(PLATFORM_NAME)\"",
					"\"$(inherited)\"",
				);
				MTL_ENABLE_DEBUG_INFO = YES;
				ONLY_ACTIVE_ARCH = YES;
				SDKROOT = iphoneos;
			};
			name = Debug;
		};
		83CBBA211A601CBA00E9B192 /* Release */ = {
			isa = XCBuildConfiguration;
			buildSettings = {
				ALWAYS_SEARCH_USER_PATHS = NO;
				CLANG_ANALYZER_LOCALIZABILITY_NONLOCALIZED = YES;
				CLANG_CXX_LANGUAGE_STANDARD = "gnu++0x";
				CLANG_CXX_LIBRARY = "libc++";
				CLANG_ENABLE_MODULES = YES;
				CLANG_ENABLE_OBJC_ARC = YES;
				CLANG_WARN_BLOCK_CAPTURE_AUTORELEASING = YES;
				CLANG_WARN_BOOL_CONVERSION = YES;
				CLANG_WARN_COMMA = YES;
				CLANG_WARN_CONSTANT_CONVERSION = YES;
				CLANG_WARN_DEPRECATED_OBJC_IMPLEMENTATIONS = YES;
				CLANG_WARN_DIRECT_OBJC_ISA_USAGE = YES_ERROR;
				CLANG_WARN_EMPTY_BODY = YES;
				CLANG_WARN_ENUM_CONVERSION = YES;
				CLANG_WARN_INFINITE_RECURSION = YES;
				CLANG_WARN_INT_CONVERSION = YES;
				CLANG_WARN_NON_LITERAL_NULL_CONVERSION = YES;
				CLANG_WARN_OBJC_IMPLICIT_RETAIN_SELF = YES;
				CLANG_WARN_OBJC_LITERAL_CONVERSION = YES;
				CLANG_WARN_OBJC_ROOT_CLASS = YES_ERROR;
				CLANG_WARN_RANGE_LOOP_ANALYSIS = YES;
				CLANG_WARN_STRICT_PROTOTYPES = YES;
				CLANG_WARN_SUSPICIOUS_MOVE = YES;
				CLANG_WARN_UNREACHABLE_CODE = YES;
				CLANG_WARN__DUPLICATE_METHOD_MATCH = YES;
				"CODE_SIGN_IDENTITY[sdk=iphoneos*]" = "iPhone Developer";
				COPY_PHASE_STRIP = YES;
				ENABLE_NS_ASSERTIONS = NO;
				ENABLE_STRICT_OBJC_MSGSEND = YES;
				GCC_C_LANGUAGE_STANDARD = gnu99;
				GCC_NO_COMMON_BLOCKS = YES;
				GCC_WARN_64_TO_32_BIT_CONVERSION = YES;
				GCC_WARN_ABOUT_RETURN_TYPE = YES_ERROR;
				GCC_WARN_UNDECLARED_SELECTOR = YES;
				GCC_WARN_UNINITIALIZED_AUTOS = YES_AGGRESSIVE;
				GCC_WARN_UNUSED_FUNCTION = YES;
				GCC_WARN_UNUSED_VARIABLE = YES;
				IPHONEOS_DEPLOYMENT_TARGET = 9.0;
				LD_RUNPATH_SEARCH_PATHS = "/usr/lib/swift $(inherited)";
				LIBRARY_SEARCH_PATHS = (
					"\"$(TOOLCHAIN_DIR)/usr/lib/swift/$(PLATFORM_NAME)\"",
					"\"$(TOOLCHAIN_DIR)/usr/lib/swift-5.0/$(PLATFORM_NAME)\"",
					"\"$(inherited)\"",
				);
				MTL_ENABLE_DEBUG_INFO = NO;
				SDKROOT = iphoneos;
				VALIDATE_PRODUCT = YES;
			};
			name = Release;
		};
/* End XCBuildConfiguration section */

/* Begin XCConfigurationList section */
		00E357021AD99517003FC87E /* Build configuration list for PBXNativeTarget "homzhubTests" */ = {
			isa = XCConfigurationList;
			buildConfigurations = (
				00E356F61AD99517003FC87E /* Debug */,
				00E356F71AD99517003FC87E /* Release */,
			);
			defaultConfigurationIsVisible = 0;
			defaultConfigurationName = Release;
		};
		13B07F931A680F5B00A75B9A /* Build configuration list for PBXNativeTarget "homzhub" */ = {
			isa = XCConfigurationList;
			buildConfigurations = (
				13B07F941A680F5B00A75B9A /* Debug */,
				13B07F951A680F5B00A75B9A /* Release */,
			);
			defaultConfigurationIsVisible = 0;
			defaultConfigurationName = Release;
		};
		2D02E4BA1E0B4A5E006451C7 /* Build configuration list for PBXNativeTarget "homzhub-tvOS" */ = {
			isa = XCConfigurationList;
			buildConfigurations = (
				2D02E4971E0B4A5E006451C7 /* Debug */,
				2D02E4981E0B4A5E006451C7 /* Release */,
			);
			defaultConfigurationIsVisible = 0;
			defaultConfigurationName = Release;
		};
		2D02E4BB1E0B4A5E006451C7 /* Build configuration list for PBXNativeTarget "homzhub-tvOSTests" */ = {
			isa = XCConfigurationList;
			buildConfigurations = (
				2D02E4991E0B4A5E006451C7 /* Debug */,
				2D02E49A1E0B4A5E006451C7 /* Release */,
			);
			defaultConfigurationIsVisible = 0;
			defaultConfigurationName = Release;
		};
		83CBB9FA1A601CBA00E9B192 /* Build configuration list for PBXProject "homzhub" */ = {
			isa = XCConfigurationList;
			buildConfigurations = (
				83CBBA201A601CBA00E9B192 /* Debug */,
				83CBBA211A601CBA00E9B192 /* Release */,
			);
			defaultConfigurationIsVisible = 0;
			defaultConfigurationName = Release;
		};
/* End XCConfigurationList section */
	};
	rootObject = 83CBB9F71A601CBA00E9B192 /* Project object */;
}
