{
  "name": "@homzhub/web",
  "version": "0.1.0",
  "lockfileVersion": 1,
  "requires": true,
  "dependencies": {
    "@types/domutils": {
      "version": "1.7.3",
      "resolved": "https://registry.npmjs.org/@types/domutils/-/domutils-1.7.3.tgz",
      "integrity": "sha512-EucnS75OnnEdypNt+UpARisSF8eJBq4no+aVOis3Bs5kyABDXm1hEDv6jJxcMJPjR+a2YCrEANaW+BMT2QVG2Q==",
      "dev": true,
      "requires": {
        "domhandler": "^2.4.0"
      }
    },
    "@types/htmlparser2": {
      "version": "3.10.2",
      "resolved": "https://registry.npmjs.org/@types/htmlparser2/-/htmlparser2-3.10.2.tgz",
      "integrity": "sha512-81vjuO800UMoHjYbCbqtBmfC3iCsrROKpqndo0acKiN6k/cpW+YOw9FzRP0ghujHeUNCOox2AQPrrMy6+j5UpQ==",
      "dev": true,
      "requires": {
        "@types/domutils": "*",
        "@types/node": "*",
        "domhandler": "^2.4.0"
      }
    },
    "@types/node": {
      "version": "14.14.37",
      "resolved": "https://registry.npmjs.org/@types/node/-/node-14.14.37.tgz",
      "integrity": "sha512-XYmBiy+ohOR4Lh5jE379fV2IU+6Jn4g5qASinhitfyO71b/sCo6MKsMLF5tc7Zf2CE8hViVQyYSobJNke8OvUw==",
      "dev": true
    },
    "@types/prop-types": {
      "version": "15.7.3",
      "resolved": "https://registry.npmjs.org/@types/prop-types/-/prop-types-15.7.3.tgz",
      "integrity": "sha512-KfRL3PuHmqQLOG+2tGpRO26Ctg+Cq1E01D2DMriKEATHgWLfeNDmq9e29Q9WIky0dQ3NPkd1mzYH8Lm936Z9qw==",
      "dev": true
    },
    "@types/react": {
      "version": "17.0.3",
      "resolved": "https://registry.npmjs.org/@types/react/-/react-17.0.3.tgz",
      "integrity": "sha512-wYOUxIgs2HZZ0ACNiIayItyluADNbONl7kt8lkLjVK8IitMH5QMyAh75Fwhmo37r1m7L2JaFj03sIfxBVDvRAg==",
      "dev": true,
      "requires": {
        "@types/prop-types": "*",
        "@types/scheduler": "*",
        "csstype": "^3.0.2"
      }
    },
    "@types/react-html-parser": {
      "version": "2.0.1",
      "resolved": "https://registry.npmjs.org/@types/react-html-parser/-/react-html-parser-2.0.1.tgz",
      "integrity": "sha512-Lyw0AtG3gahw78CX2pzmzhKaoZCfJNzzuhhPsFVhzFrylMv8NaCmzYaPKglMv3RRHpwBbHuMOkVx0HiwGZKgSA==",
      "dev": true,
      "requires": {
        "@types/htmlparser2": "*",
        "@types/react": "*"
      }
    },
    "@types/react-infinite-scroller": {
      "version": "1.2.1",
      "resolved": "https://registry.npmjs.org/@types/react-infinite-scroller/-/react-infinite-scroller-1.2.1.tgz",
      "integrity": "sha512-64bpbqdSgtmy1zSZ2AQoFzguwZO7TyKjqJRTEnfNMCAQbnrX90kz+rYufZyY9CmzhwpXMwRO8xR9fMQnbYUkgQ==",
      "dev": true,
      "requires": {
        "@types/react": "*"
      }
    },
    "@types/scheduler": {
      "version": "0.16.1",
      "resolved": "https://registry.npmjs.org/@types/scheduler/-/scheduler-0.16.1.tgz",
      "integrity": "sha512-EaCxbanVeyxDRTQBkdLb3Bvl/HK7PBK6UJjsSixB0iHKoWxE5uu2Q/DgtpOhPIojN0Zl1whvOd7PoHs2P0s5eA==",
      "dev": true
    },
    "csstype": {
      "version": "3.0.7",
      "resolved": "https://registry.npmjs.org/csstype/-/csstype-3.0.7.tgz",
      "integrity": "sha512-KxnUB0ZMlnUWCsx2Z8MUsr6qV6ja1w9ArPErJaJaF8a5SOWoHLIszeCTKGRGRgtLgYrs1E8CHkNSP1VZTTPc9g==",
      "dev": true
    },
    "domelementtype": {
      "version": "1.3.1",
      "resolved": "https://registry.npmjs.org/domelementtype/-/domelementtype-1.3.1.tgz",
      "integrity": "sha512-BSKB+TSpMpFI/HOxCNr1O8aMOTZ8hT3pM3GQ0w/mWRmkhEDSFJkkyzz4XQsBV44BChwGkrDfMyjVD0eA2aFV3w==",
      "dev": true
    },
    "domhandler": {
      "version": "2.4.2",
      "resolved": "https://registry.npmjs.org/domhandler/-/domhandler-2.4.2.tgz",
      "integrity": "sha512-JiK04h0Ht5u/80fdLMCEmV4zkNh2BcoMFBmZ/91WtYZ8qVXSKjiw7fXMgFPnHcSZgOo3XdinHvmnDUeMf5R4wA==",
      "dev": true,
      "requires": {
        "domelementtype": "1"
      }
    }
  }
}
